
Microsoft Visual Studio Solution File, Format Version 12.00
# Visual Studio Version 16
VisualStudioVersion = 16.0.30204.135
MinimumVisualStudioVersion = 10.0.40219.1
Project("{FAE04EC0-301F-11D3-BF4B-00C04F79EFBC}") = "Interviewtracker.DataLayer", "Interviewtracker.DataLayer.csproj", "{B903F4DD-7A85-46B2-BB23-4FC549D41B32}"
EndProject
Project("{FAE04EC0-301F-11D3-BF4B-00C04F79EFBC}") = "Interviewtracker.BusinessLayer", "..\Interviewtracker.BusinessLayer\Interviewtracker.BusinessLayer.csproj", "{2B3FD137-6BA1-4DD3-88E8-BC398810B236}"
EndProject
Project("{FAE04EC0-301F-11D3-BF4B-00C04F79EFBC}") = "Interviewtracker.Entities", "..\Interviewtracker.Entities\Interviewtracker.Entities.csproj", "{A58ED5D0-C239-4455-A4D6-3ADE7EA0E481}"
EndProject
Global
	GlobalSection(SolutionConfigurationPlatforms) = preSolution
		Debug|Any CPU = Debug|Any CPU
		Release|Any CPU = Release|Any CPU
	EndGlobalSection
	GlobalSection(ProjectConfigurationPlatforms) = postSolution
		{B903F4DD-7A85-46B2-BB23-4FC549D41B32}.Debug|Any CPU.ActiveCfg = Debug|Any CPU
		{B903F4DD-7A85-46B2-BB23-4FC549D41B32}.Debug|Any CPU.Build.0 = Debug|Any CPU
		{B903F4DD-7A85-46B2-BB23-4FC549D41B32}.Release|Any CPU.ActiveCfg = Release|Any CPU
		{B903F4DD-7A85-46B2-BB23-4FC549D41B32}.Release|Any CPU.Build.0 = Release|Any CPU
		{2B3FD137-6BA1-4DD3-88E8-BC398810B236}.Debug|Any CPU.ActiveCfg = Debug|Any CPU
		{2B3FD137-6BA1-4DD3-88E8-BC398810B236}.Debug|Any CPU.Build.0 = Debug|Any CPU
		{2B3FD137-6BA1-4DD3-88E8-BC398810B236}.Release|Any CPU.ActiveCfg = Release|Any CPU
		{2B3FD137-6BA1-4DD3-88E8-BC398810B236}.Release|Any CPU.Build.0 = Release|Any CPU
		{A58ED5D0-C239-4455-A4D6-3ADE7EA0E481}.Debug|Any CPU.ActiveCfg = Debug|Any CPU
		{A58ED5D0-C239-4455-A4D6-3ADE7EA0E481}.Debug|Any CPU.Build.0 = Debug|Any CPU
		{A58ED5D0-C239-4455-A4D6-3ADE7EA0E481}.Release|Any CPU.ActiveCfg = Release|Any CPU
		{A58ED5D0-C239-4455-A4D6-3ADE7EA0E481}.Release|Any CPU.Build.0 = Release|Any CPU
	EndGlobalSection
	GlobalSection(SolutionProperties) = preSolution
		HideSolutionNode = FALSE
	EndGlobalSection
	GlobalSection(ExtensibilityGlobals) = postSolution
		SolutionGuid = {80DB7A04-52CB-4607-9067-2F7DD524995A}
	EndGlobalSection
EndGlobal
